
Microsoft Visual Studio Solution File, Format Version 12.00
# Visual Studio Version 17
VisualStudioVersion = 17.7.34009.444
MinimumVisualStudioVersion = 10.0.40219.1
Project("{FAE04EC0-301F-11D3-BF4B-00C04F79EFBC}") = "guia2ejercicio1", "guia2ejercicio1\guia2ejercicio1.csproj", "{D8B31679-06F5-4ED6-AD18-E99364D236C6}"
EndProject
Global
	GlobalSection(SolutionConfigurationPlatforms) = preSolution
		Debug|Any CPU = Debug|Any CPU
		Release|Any CPU = Release|Any CPU
	EndGlobalSection
	GlobalSection(ProjectConfigurationPlatforms) = postSolution
		{D8B31679-06F5-4ED6-AD18-E99364D236C6}.Debug|Any CPU.ActiveCfg = Debug|Any CPU
		{D8B31679-06F5-4ED6-AD18-E99364D236C6}.Debug|Any CPU.Build.0 = Debug|Any CPU
		{D8B31679-06F5-4ED6-AD18-E99364D236C6}.Release|Any CPU.ActiveCfg = Release|Any CPU
		{D8B31679-06F5-4ED6-AD18-E99364D236C6}.Release|Any CPU.Build.0 = Release|Any CPU
	EndGlobalSection
	GlobalSection(SolutionProperties) = preSolution
		HideSolutionNode = FALSE
	EndGlobalSection
	GlobalSection(ExtensibilityGlobals) = postSolution
		SolutionGuid = {C76D347D-D19F-4662-96BB-993D969418FA}
	EndGlobalSection
EndGlobal
